// !$*UTF8*$!
{
	archiveVersion = 1;
	classes = {
	};
	objectVersion = 51;
	objects = {

/* Begin PBXBuildFile section */
		05969AC9D800554C220B23F3 /* Pods_flixster_flixsterUITests.framework in Frameworks */ = {isa = PBXBuildFile; fileRef = 83FD330F841DA55181837AA0 /* Pods_flixster_flixsterUITests.framework */; };
		87A3EB23756C006D52DB79C0 /* Pods_flixsterTests.framework in Frameworks */ = {isa = PBXBuildFile; fileRef = 9514C789AA84D942B38B92E3 /* Pods_flixsterTests.framework */; };
		B03D5FF1318060E4C388EF62 /* Pods_flixster.framework in Frameworks */ = {isa = PBXBuildFile; fileRef = 3D2A8A1616860FA48DD810DF /* Pods_flixster.framework */; };
		C240BC69251D2091003183EF /* AppDelegate.swift in Sources */ = {isa = PBXBuildFile; fileRef = C240BC68251D2091003183EF /* AppDelegate.swift */; };
		C240BC6B251D2091003183EF /* SceneDelegate.swift in Sources */ = {isa = PBXBuildFile; fileRef = C240BC6A251D2091003183EF /* SceneDelegate.swift */; };
		C240BC70251D2091003183EF /* Main.storyboard in Resources */ = {isa = PBXBuildFile; fileRef = C240BC6E251D2091003183EF /* Main.storyboard */; };
		C240BC72251D2092003183EF /* Assets.xcassets in Resources */ = {isa = PBXBuildFile; fileRef = C240BC71251D2092003183EF /* Assets.xcassets */; };
		C240BC75251D2092003183EF /* LaunchScreen.storyboard in Resources */ = {isa = PBXBuildFile; fileRef = C240BC73251D2092003183EF /* LaunchScreen.storyboard */; };
		C240BC80251D2093003183EF /* flixsterTests.swift in Sources */ = {isa = PBXBuildFile; fileRef = C240BC7F251D2093003183EF /* flixsterTests.swift */; };
		C240BC8B251D2093003183EF /* flixsterUITests.swift in Sources */ = {isa = PBXBuildFile; fileRef = C240BC8A251D2093003183EF /* flixsterUITests.swift */; };
		C240BC9C251D2303003183EF /* MoviesViewController.swift in Sources */ = {isa = PBXBuildFile; fileRef = C240BC9B251D2303003183EF /* MoviesViewController.swift */; };
		C240BCAF251D3206003183EF /* MovieCell.swift in Sources */ = {isa = PBXBuildFile; fileRef = C240BCAE251D3206003183EF /* MovieCell.swift */; };
		C267E1F92526591C00B36C6D /* MovieDetailsViewController.swift in Sources */ = {isa = PBXBuildFile; fileRef = C267E1F82526591C00B36C6D /* MovieDetailsViewController.swift */; };
		C267E1FE2527E0DB00B36C6D /* MovieGridViewController.swift in Sources */ = {isa = PBXBuildFile; fileRef = C267E1FD2527E0DB00B36C6D /* MovieGridViewController.swift */; };
		C267E2032527E5EF00B36C6D /* MovieGridCell.swift in Sources */ = {isa = PBXBuildFile; fileRef = C267E2022527E5EF00B36C6D /* MovieGridCell.swift */; };
/* End PBXBuildFile section */

/* Begin PBXContainerItemProxy section */
		C240BC7C251D2093003183EF /* PBXContainerItemProxy */ = {
			isa = PBXContainerItemProxy;
			containerPortal = C240BC5D251D2091003183EF /* Project object */;
			proxyType = 1;
			remoteGlobalIDString = C240BC64251D2091003183EF;
			remoteInfo = flixster;
		};
		C240BC87251D2093003183EF /* PBXContainerItemProxy */ = {
			isa = PBXContainerItemProxy;
			containerPortal = C240BC5D251D2091003183EF /* Project object */;
			proxyType = 1;
			remoteGlobalIDString = C240BC64251D2091003183EF;
			remoteInfo = flixster;
		};
/* End PBXContainerItemProxy section */

/* Begin PBXFileReference section */
		2BE8C6E35ECFFD59A6F134CF /* Pods-flixster.release.xcconfig */ = {isa = PBXFileReference; includeInIndex = 1; lastKnownFileType = text.xcconfig; name = "Pods-flixster.release.xcconfig"; path = "Target Support Files/Pods-flixster/Pods-flixster.release.xcconfig"; sourceTree = "<group>"; };
		3D2A8A1616860FA48DD810DF /* Pods_flixster.framework */ = {isa = PBXFileReference; explicitFileType = wrapper.framework; includeInIndex = 0; path = Pods_flixster.framework; sourceTree = BUILT_PRODUCTS_DIR; };
		5081FCBB31740188E5A103B1 /* Pods-flixster.debug.xcconfig */ = {isa = PBXFileReference; includeInIndex = 1; lastKnownFileType = text.xcconfig; name = "Pods-flixster.debug.xcconfig"; path = "Target Support Files/Pods-flixster/Pods-flixster.debug.xcconfig"; sourceTree = "<group>"; };
		58598C9C7CB9A1F2F6EE693A /* Pods-flixsterTests.debug.xcconfig */ = {isa = PBXFileReference; includeInIndex = 1; lastKnownFileType = text.xcconfig; name = "Pods-flixsterTests.debug.xcconfig"; path = "Target Support Files/Pods-flixsterTests/Pods-flixsterTests.debug.xcconfig"; sourceTree = "<group>"; };
		83FD330F841DA55181837AA0 /* Pods_flixster_flixsterUITests.framework */ = {isa = PBXFileReference; explicitFileType = wrapper.framework; includeInIndex = 0; path = Pods_flixster_flixsterUITests.framework; sourceTree = BUILT_PRODUCTS_DIR; };
		9514C789AA84D942B38B92E3 /* Pods_flixsterTests.framework */ = {isa = PBXFileReference; explicitFileType = wrapper.framework; includeInIndex = 0; path = Pods_flixsterTests.framework; sourceTree = BUILT_PRODUCTS_DIR; };
		9CA4D4AD9ACF313FF8046DEB /* Pods-flixster-flixsterUITests.release.xcconfig */ = {isa = PBXFileReference; includeInIndex = 1; lastKnownFileType = text.xcconfig; name = "Pods-flixster-flixsterUITests.release.xcconfig"; path = "Target Support Files/Pods-flixster-flixsterUITests/Pods-flixster-flixsterUITests.release.xcconfig"; sourceTree = "<group>"; };
		A382375FF57618827F07EB49 /* Pods-flixsterTests.release.xcconfig */ = {isa = PBXFileReference; includeInIndex = 1; lastKnownFileType = text.xcconfig; name = "Pods-flixsterTests.release.xcconfig"; path = "Target Support Files/Pods-flixsterTests/Pods-flixsterTests.release.xcconfig"; sourceTree = "<group>"; };
		C240BC65251D2091003183EF /* flixster.app */ = {isa = PBXFileReference; explicitFileType = wrapper.application; includeInIndex = 0; path = flixster.app; sourceTree = BUILT_PRODUCTS_DIR; };
		C240BC68251D2091003183EF /* AppDelegate.swift */ = {isa = PBXFileReference; lastKnownFileType = sourcecode.swift; path = AppDelegate.swift; sourceTree = "<group>"; };
		C240BC6A251D2091003183EF /* SceneDelegate.swift */ = {isa = PBXFileReference; lastKnownFileType = sourcecode.swift; path = SceneDelegate.swift; sourceTree = "<group>"; };
		C240BC6F251D2091003183EF /* Base */ = {isa = PBXFileReference; lastKnownFileType = file.storyboard; name = Base; path = Base.lproj/Main.storyboard; sourceTree = "<group>"; };
		C240BC71251D2092003183EF /* Assets.xcassets */ = {isa = PBXFileReference; lastKnownFileType = folder.assetcatalog; path = Assets.xcassets; sourceTree = "<group>"; };
		C240BC74251D2092003183EF /* Base */ = {isa = PBXFileReference; lastKnownFileType = file.storyboard; name = Base; path = Base.lproj/LaunchScreen.storyboard; sourceTree = "<group>"; };
		C240BC76251D2092003183EF /* Info.plist */ = {isa = PBXFileReference; lastKnownFileType = text.plist.xml; path = Info.plist; sourceTree = "<group>"; };
		C240BC7B251D2093003183EF /* flixsterTests.xctest */ = {isa = PBXFileReference; explicitFileType = wrapper.cfbundle; includeInIndex = 0; path = flixsterTests.xctest; sourceTree = BUILT_PRODUCTS_DIR; };
		C240BC7F251D2093003183EF /* flixsterTests.swift */ = {isa = PBXFileReference; lastKnownFileType = sourcecode.swift; path = flixsterTests.swift; sourceTree = "<group>"; };
		C240BC81251D2093003183EF /* Info.plist */ = {isa = PBXFileReference; lastKnownFileType = text.plist.xml; path = Info.plist; sourceTree = "<group>"; };
		C240BC86251D2093003183EF /* flixsterUITests.xctest */ = {isa = PBXFileReference; explicitFileType = wrapper.cfbundle; includeInIndex = 0; path = flixsterUITests.xctest; sourceTree = BUILT_PRODUCTS_DIR; };
		C240BC8A251D2093003183EF /* flixsterUITests.swift */ = {isa = PBXFileReference; lastKnownFileType = sourcecode.swift; path = flixsterUITests.swift; sourceTree = "<group>"; };
		C240BC8C251D2093003183EF /* Info.plist */ = {isa = PBXFileReference; lastKnownFileType = text.plist.xml; path = Info.plist; sourceTree = "<group>"; };
		C240BC9B251D2303003183EF /* MoviesViewController.swift */ = {isa = PBXFileReference; lastKnownFileType = sourcecode.swift; path = MoviesViewController.swift; sourceTree = "<group>"; };
		C240BCAE251D3206003183EF /* MovieCell.swift */ = {isa = PBXFileReference; lastKnownFileType = sourcecode.swift; path = MovieCell.swift; sourceTree = "<group>"; };
		C267E1F82526591C00B36C6D /* MovieDetailsViewController.swift */ = {isa = PBXFileReference; lastKnownFileType = sourcecode.swift; path = MovieDetailsViewController.swift; sourceTree = "<group>"; };
		C267E1FD2527E0DB00B36C6D /* MovieGridViewController.swift */ = {isa = PBXFileReference; lastKnownFileType = sourcecode.swift; path = MovieGridViewController.swift; sourceTree = "<group>"; };
		C267E2022527E5EF00B36C6D /* MovieGridCell.swift */ = {isa = PBXFileReference; lastKnownFileType = sourcecode.swift; path = MovieGridCell.swift; sourceTree = "<group>"; };
		CD43443E082FC779FADA367E /* Pods-flixster-flixsterUITests.debug.xcconfig */ = {isa = PBXFileReference; includeInIndex = 1; lastKnownFileType = text.xcconfig; name = "Pods-flixster-flixsterUITests.debug.xcconfig"; path = "Target Support Files/Pods-flixster-flixsterUITests/Pods-flixster-flixsterUITests.debug.xcconfig"; sourceTree = "<group>"; };
/* End PBXFileReference section */

/* Begin PBXFrameworksBuildPhase section */
		C240BC62251D2091003183EF /* Frameworks */ = {
			isa = PBXFrameworksBuildPhase;
			buildActionMask = 2147483647;
			files = (
				B03D5FF1318060E4C388EF62 /* Pods_flixster.framework in Frameworks */,
			);
			runOnlyForDeploymentPostprocessing = 0;
		};
		C240BC78251D2093003183EF /* Frameworks */ = {
			isa = PBXFrameworksBuildPhase;
			buildActionMask = 2147483647;
			files = (
				87A3EB23756C006D52DB79C0 /* Pods_flixsterTests.framework in Frameworks */,
			);
			runOnlyForDeploymentPostprocessing = 0;
		};
		C240BC83251D2093003183EF /* Frameworks */ = {
			isa = PBXFrameworksBuildPhase;
			buildActionMask = 2147483647;
			files = (
				05969AC9D800554C220B23F3 /* Pods_flixster_flixsterUITests.framework in Frameworks */,
			);
			runOnlyForDeploymentPostprocessing = 0;
		};
/* End PBXFrameworksBuildPhase section */

/* Begin PBXGroup section */
		19CF8D9CFDCAB31820B33256 /* Pods */ = {
			isa = PBXGroup;
			children = (
				5081FCBB31740188E5A103B1 /* Pods-flixster.debug.xcconfig */,
				2BE8C6E35ECFFD59A6F134CF /* Pods-flixster.release.xcconfig */,
				CD43443E082FC779FADA367E /* Pods-flixster-flixsterUITests.debug.xcconfig */,
				9CA4D4AD9ACF313FF8046DEB /* Pods-flixster-flixsterUITests.release.xcconfig */,
				58598C9C7CB9A1F2F6EE693A /* Pods-flixsterTests.debug.xcconfig */,
				A382375FF57618827F07EB49 /* Pods-flixsterTests.release.xcconfig */,
			);
			path = Pods;
			sourceTree = "<group>";
		};
		70360F4DC19D974310EF562E /* Frameworks */ = {
			isa = PBXGroup;
			children = (
				3D2A8A1616860FA48DD810DF /* Pods_flixster.framework */,
				83FD330F841DA55181837AA0 /* Pods_flixster_flixsterUITests.framework */,
				9514C789AA84D942B38B92E3 /* Pods_flixsterTests.framework */,
			);
			name = Frameworks;
			sourceTree = "<group>";
		};
		C240BC5C251D2091003183EF = {
			isa = PBXGroup;
			children = (
				C240BC67251D2091003183EF /* flixster */,
				C240BC7E251D2093003183EF /* flixsterTests */,
				C240BC89251D2093003183EF /* flixsterUITests */,
				C240BC66251D2091003183EF /* Products */,
				19CF8D9CFDCAB31820B33256 /* Pods */,
				70360F4DC19D974310EF562E /* Frameworks */,
			);
			sourceTree = "<group>";
		};
		C240BC66251D2091003183EF /* Products */ = {
			isa = PBXGroup;
			children = (
				C240BC65251D2091003183EF /* flixster.app */,
				C240BC7B251D2093003183EF /* flixsterTests.xctest */,
				C240BC86251D2093003183EF /* flixsterUITests.xctest */,
			);
			name = Products;
			sourceTree = "<group>";
		};
		C240BC67251D2091003183EF /* flixster */ = {
			isa = PBXGroup;
			children = (
				C240BC68251D2091003183EF /* AppDelegate.swift */,
				C240BC6A251D2091003183EF /* SceneDelegate.swift */,
				C240BC6E251D2091003183EF /* Main.storyboard */,
				C267E2022527E5EF00B36C6D /* MovieGridCell.swift */,
				C267E1FD2527E0DB00B36C6D /* MovieGridViewController.swift */,
				C267E1F82526591C00B36C6D /* MovieDetailsViewController.swift */,
				C240BCAE251D3206003183EF /* MovieCell.swift */,
				C240BC9B251D2303003183EF /* MoviesViewController.swift */,
				C240BC71251D2092003183EF /* Assets.xcassets */,
				C240BC73251D2092003183EF /* LaunchScreen.storyboard */,
				C240BC76251D2092003183EF /* Info.plist */,
			);
			path = flixster;
			sourceTree = "<group>";
		};
		C240BC7E251D2093003183EF /* flixsterTests */ = {
			isa = PBXGroup;
			children = (
				C240BC7F251D2093003183EF /* flixsterTests.swift */,
				C240BC81251D2093003183EF /* Info.plist */,
			);
			path = flixsterTests;
			sourceTree = "<group>";
		};
		C240BC89251D2093003183EF /* flixsterUITests */ = {
			isa = PBXGroup;
			children = (
				C240BC8A251D2093003183EF /* flixsterUITests.swift */,
				C240BC8C251D2093003183EF /* Info.plist */,
			);
			path = flixsterUITests;
			sourceTree = "<group>";
		};
/* End PBXGroup section */

/* Begin PBXNativeTarget section */
		C240BC64251D2091003183EF /* flixster */ = {
			isa = PBXNativeTarget;
			buildConfigurationList = C240BC8F251D2093003183EF /* Build configuration list for PBXNativeTarget "flixster" */;
			buildPhases = (
				55B318B672663C86165B652B /* [CP] Check Pods Manifest.lock */,
				C240BC61251D2091003183EF /* Sources */,
				C240BC62251D2091003183EF /* Frameworks */,
				C240BC63251D2091003183EF /* Resources */,
				B9A6A47758FC5B7EFCC14C77 /* [CP] Embed Pods Frameworks */,
			);
			buildRules = (
			);
			dependencies = (
			);
			name = flixster;
			productName = flixster;
			productReference = C240BC65251D2091003183EF /* flixster.app */;
			productType = "com.apple.product-type.application";
		};
		C240BC7A251D2093003183EF /* flixsterTests */ = {
			isa = PBXNativeTarget;
			buildConfigurationList = C240BC92251D2093003183EF /* Build configuration list for PBXNativeTarget "flixsterTests" */;
			buildPhases = (
				5A735442CB069AE90D02E709 /* [CP] Check Pods Manifest.lock */,
				C240BC77251D2093003183EF /* Sources */,
				C240BC78251D2093003183EF /* Frameworks */,
				C240BC79251D2093003183EF /* Resources */,
			);
			buildRules = (
			);
			dependencies = (
				C240BC7D251D2093003183EF /* PBXTargetDependency */,
			);
			name = flixsterTests;
			productName = flixsterTests;
			productReference = C240BC7B251D2093003183EF /* flixsterTests.xctest */;
			productType = "com.apple.product-type.bundle.unit-test";
		};
		C240BC85251D2093003183EF /* flixsterUITests */ = {
			isa = PBXNativeTarget;
			buildConfigurationList = C240BC95251D2093003183EF /* Build configuration list for PBXNativeTarget "flixsterUITests" */;
			buildPhases = (
				D7722238C20302913910D355 /* [CP] Check Pods Manifest.lock */,
				C240BC82251D2093003183EF /* Sources */,
				C240BC83251D2093003183EF /* Frameworks */,
				C240BC84251D2093003183EF /* Resources */,
				4E36A30A9E059D533E4071F6 /* [CP] Embed Pods Frameworks */,
			);
			buildRules = (
			);
			dependencies = (
				C240BC88251D2093003183EF /* PBXTargetDependency */,
			);
			name = flixsterUITests;
			productName = flixsterUITests;
			productReference = C240BC86251D2093003183EF /* flixsterUITests.xctest */;
			productType = "com.apple.product-type.bundle.ui-testing";
		};
/* End PBXNativeTarget section */

/* Begin PBXProject section */
		C240BC5D251D2091003183EF /* Project object */ = {
			isa = PBXProject;
			attributes = {
				LastSwiftUpdateCheck = 1200;
				LastUpgradeCheck = 1200;
				TargetAttributes = {
					C240BC64251D2091003183EF = {
						CreatedOnToolsVersion = 12.0;
					};
					C240BC7A251D2093003183EF = {
						CreatedOnToolsVersion = 12.0;
						TestTargetID = C240BC64251D2091003183EF;
					};
					C240BC85251D2093003183EF = {
						CreatedOnToolsVersion = 12.0;
						TestTargetID = C240BC64251D2091003183EF;
					};
				};
			};
			buildConfigurationList = C240BC60251D2091003183EF /* Build configuration list for PBXProject "flixster" */;
			compatibilityVersion = "Xcode 9.3";
			developmentRegion = en;
			hasScannedForEncodings = 0;
			knownRegions = (
				en,
				Base,
			);
			mainGroup = C240BC5C251D2091003183EF;
			productRefGroup = C240BC66251D2091003183EF /* Products */;
			projectDirPath = "";
			projectRoot = "";
			targets = (
				C240BC64251D2091003183EF /* flixster */,
				C240BC7A251D2093003183EF /* flixsterTests */,
				C240BC85251D2093003183EF /* flixsterUITests */,
			);
		};
/* End PBXProject section */

/* Begin PBXResourcesBuildPhase section */
		C240BC63251D2091003183EF /* Resources */ = {
			isa = PBXResourcesBuildPhase;
			buildActionMask = 2147483647;
			files = (
				C240BC75251D2092003183EF /* LaunchScreen.storyboard in Resources */,
				C240BC72251D2092003183EF /* Assets.xcassets in Resources */,
				C240BC70251D2091003183EF /* Main.storyboard in Resources */,
			);
			runOnlyForDeploymentPostprocessing = 0;
		};
		C240BC79251D2093003183EF /* Resources */ = {
			isa = PBXResourcesBuildPhase;
			buildActionMask = 2147483647;
			files = (
			);
			runOnlyForDeploymentPostprocessing = 0;
		};
		C240BC84251D2093003183EF /* Resources */ = {
			isa = PBXResourcesBuildPhase;
			buildActionMask = 2147483647;
			files = (
			);
			runOnlyForDeploymentPostprocessing = 0;
		};
/* End PBXResourcesBuildPhase section */

/* Begin PBXShellScriptBuildPhase section */
		4E36A30A9E059D533E4071F6 /* [CP] Embed Pods Frameworks */ = {
			isa = PBXShellScriptBuildPhase;
			buildActionMask = 2147483647;
			files = (
			);
			inputFileListPaths = (
				"${PODS_ROOT}/Target Support Files/Pods-flixster-flixsterUITests/Pods-flixster-flixsterUITests-frameworks-${CONFIGURATION}-input-files.xcfilelist",
			);
			name = "[CP] Embed Pods Frameworks";
			outputFileListPaths = (
				"${PODS_ROOT}/Target Support Files/Pods-flixster-flixsterUITests/Pods-flixster-flixsterUITests-frameworks-${CONFIGURATION}-output-files.xcfilelist",
			);
			runOnlyForDeploymentPostprocessing = 0;
			shellPath = /bin/sh;
			shellScript = "\"${PODS_ROOT}/Target Support Files/Pods-flixster-flixsterUITests/Pods-flixster-flixsterUITests-frameworks.sh\"\n";
			showEnvVarsInLog = 0;
		};
		55B318B672663C86165B652B /* [CP] Check Pods Manifest.lock */ = {
			isa = PBXShellScriptBuildPhase;
			buildActionMask = 2147483647;
			files = (
			);
			inputFileListPaths = (
			);
			inputPaths = (
				"${PODS_PODFILE_DIR_PATH}/Podfile.lock",
				"${PODS_ROOT}/Manifest.lock",
			);
			name = "[CP] Check Pods Manifest.lock";
			outputFileListPaths = (
			);
			outputPaths = (
				"$(DERIVED_FILE_DIR)/Pods-flixster-checkManifestLockResult.txt",
			);
			runOnlyForDeploymentPostprocessing = 0;
			shellPath = /bin/sh;
			shellScript = "diff \"${PODS_PODFILE_DIR_PATH}/Podfile.lock\" \"${PODS_ROOT}/Manifest.lock\" > /dev/null\nif [ $? != 0 ] ; then\n    # print error to STDERR\n    echo \"error: The sandbox is not in sync with the Podfile.lock. Run 'pod install' or update your CocoaPods installation.\" >&2\n    exit 1\nfi\n# This output is used by Xcode 'outputs' to avoid re-running this script phase.\necho \"SUCCESS\" > \"${SCRIPT_OUTPUT_FILE_0}\"\n";
			showEnvVarsInLog = 0;
		};
		5A735442CB069AE90D02E709 /* [CP] Check Pods Manifest.lock */ = {
			isa = PBXShellScriptBuildPhase;
			buildActionMask = 2147483647;
			files = (
			);
			inputFileListPaths = (
			);
			inputPaths = (
				"${PODS_PODFILE_DIR_PATH}/Podfile.lock",
				"${PODS_ROOT}/Manifest.lock",
			);
			name = "[CP] Check Pods Manifest.lock";
			outputFileListPaths = (
			);
			outputPaths = (
				"$(DERIVED_FILE_DIR)/Pods-flixsterTests-checkManifestLockResult.txt",
			);
			runOnlyForDeploymentPostprocessing = 0;
			shellPath = /bin/sh;
			shellScript = "diff \"${PODS_PODFILE_DIR_PATH}/Podfile.lock\" \"${PODS_ROOT}/Manifest.lock\" > /dev/null\nif [ $? != 0 ] ; then\n    # print error to STDERR\n    echo \"error: The sandbox is not in sync with the Podfile.lock. Run 'pod install' or update your CocoaPods installation.\" >&2\n    exit 1\nfi\n# This output is used by Xcode 'outputs' to avoid re-running this script phase.\necho \"SUCCESS\" > \"${SCRIPT_OUTPUT_FILE_0}\"\n";
			showEnvVarsInLog = 0;
		};
		B9A6A47758FC5B7EFCC14C77 /* [CP] Embed Pods Frameworks */ = {
			isa = PBXShellScriptBuildPhase;
			buildActionMask = 2147483647;
			files = (
			);
			inputFileListPaths = (
				"${PODS_ROOT}/Target Support Files/Pods-flixster/Pods-flixster-frameworks-${CONFIGURATION}-input-files.xcfilelist",
			);
			name = "[CP] Embed Pods Frameworks";
			outputFileListPaths = (
				"${PODS_ROOT}/Target Support Files/Pods-flixster/Pods-flixster-frameworks-${CONFIGURATION}-output-files.xcfilelist",
			);
			runOnlyForDeploymentPostprocessing = 0;
			shellPath = /bin/sh;
			shellScript = "\"${PODS_ROOT}/Target Support Files/Pods-flixster/Pods-flixster-frameworks.sh\"\n";
			showEnvVarsInLog = 0;
		};
		D7722238C20302913910D355 /* [CP] Check Pods Manifest.lock */ = {
			isa = PBXShellScriptBuildPhase;
			buildActionMask = 2147483647;
			files = (
			);
			inputFileListPaths = (
			);
			inputPaths = (
				"${PODS_PODFILE_DIR_PATH}/Podfile.lock",
				"${PODS_ROOT}/Manifest.lock",
			);
			name = "[CP] Check Pods Manifest.lock";
			outputFileListPaths = (
			);
			outputPaths = (
				"$(DERIVED_FILE_DIR)/Pods-flixster-flixsterUITests-checkManifestLockResult.txt",
			);
			runOnlyForDeploymentPostprocessing = 0;
			shellPath = /bin/sh;
			shellScript = "diff \"${PODS_PODFILE_DIR_PATH}/Podfile.lock\" \"${PODS_ROOT}/Manifest.lock\" > /dev/null\nif [ $? != 0 ] ; then\n    # print error to STDERR\n    echo \"error: The sandbox is not in sync with the Podfile.lock. Run 'pod install' or update your CocoaPods installation.\" >&2\n    exit 1\nfi\n# This output is used by Xcode 'outputs' to avoid re-running this script phase.\necho \"SUCCESS\" > \"${SCRIPT_OUTPUT_FILE_0}\"\n";
			showEnvVarsInLog = 0;
		};
/* End PBXShellScriptBuildPhase section */

/* Begin PBXSourcesBuildPhase section */
		C240BC61251D2091003183EF /* Sources */ = {
			isa = PBXSourcesBuildPhase;
			buildActionMask = 2147483647;
			files = (
				C267E1F92526591C00B36C6D /* MovieDetailsViewController.swift in Sources */,
				C240BC69251D2091003183EF /* AppDelegate.swift in Sources */,
				C240BC6B251D2091003183EF /* SceneDelegate.swift in Sources */,
				C240BCAF251D3206003183EF /* MovieCell.swift in Sources */,
				C240BC9C251D2303003183EF /* MoviesViewController.swift in Sources */,
				C267E1FE2527E0DB00B36C6D /* MovieGridViewController.swift in Sources */,
				C267E2032527E5EF00B36C6D /* MovieGridCell.swift in Sources */,
			);
			runOnlyForDeploymentPostprocessing = 0;
		};
		C240BC77251D2093003183EF /* Sources */ = {
			isa = PBXSourcesBuildPhase;
			buildActionMask = 2147483647;
			files = (
				C240BC80251D2093003183EF /* flixsterTests.swift in Sources */,
			);
			runOnlyForDeploymentPostprocessing = 0;
		};
		C240BC82251D2093003183EF /* Sources */ = {
			isa = PBXSourcesBuildPhase;
			buildActionMask = 2147483647;
			files = (
				C240BC8B251D2093003183EF /* flixsterUITests.swift in Sources */,
			);
			runOnlyForDeploymentPostprocessing = 0;
		};
/* End PBXSourcesBuildPhase section */

/* Begin PBXTargetDependency section */
		C240BC7D251D2093003183EF /* PBXTargetDependency */ = {
			isa = PBXTargetDependency;
			target = C240BC64251D2091003183EF /* flixster */;
			targetProxy = C240BC7C251D2093003183EF /* PBXContainerItemProxy */;
		};
		C240BC88251D2093003183EF /* PBXTargetDependency */ = {
			isa = PBXTargetDependency;
			target = C240BC64251D2091003183EF /* flixster */;
			targetProxy = C240BC87251D2093003183EF /* PBXContainerItemProxy */;
		};
/* End PBXTargetDependency section */

/* Begin PBXVariantGroup section */
		C240BC6E251D2091003183EF /* Main.storyboard */ = {
			isa = PBXVariantGroup;
			children = (
				C240BC6F251D2091003183EF /* Base */,
			);
			name = Main.storyboard;
			sourceTree = "<group>";
		};
		C240BC73251D2092003183EF /* LaunchScreen.storyboard */ = {
			isa = PBXVariantGroup;
			children = (
				C240BC74251D2092003183EF /* Base */,
			);
			name = LaunchScreen.storyboard;
			sourceTree = "<group>";
		};
/* End PBXVariantGroup section */

/* Begin XCBuildConfiguration section */
		C240BC8D251D2093003183EF /* Debug */ = {
			isa = XCBuildConfiguration;
			buildSettings = {
				ALWAYS_SEARCH_USER_PATHS = NO;
				CLANG_ANALYZER_NONNULL = YES;
				CLANG_ANALYZER_NUMBER_OBJECT_CONVERSION = YES_AGGRESSIVE;
				CLANG_CXX_LANGUAGE_STANDARD = "gnu++14";
				CLANG_CXX_LIBRARY = "libc++";
				CLANG_ENABLE_MODULES = YES;
				CLANG_ENABLE_OBJC_ARC = YES;
				CLANG_ENABLE_OBJC_WEAK = YES;
				CLANG_WARN_BLOCK_CAPTURE_AUTORELEASING = YES;
				CLANG_WARN_BOOL_CONVERSION = YES;
				CLANG_WARN_COMMA = YES;
				CLANG_WARN_CONSTANT_CONVERSION = YES;
				CLANG_WARN_DEPRECATED_OBJC_IMPLEMENTATIONS = YES;
				CLANG_WARN_DIRECT_OBJC_ISA_USAGE = YES_ERROR;
				CLANG_WARN_DOCUMENTATION_COMMENTS = YES;
				CLANG_WARN_EMPTY_BODY = YES;
				CLANG_WARN_ENUM_CONVERSION = YES;
				CLANG_WARN_INFINITE_RECURSION = YES;
				CLANG_WARN_INT_CONVERSION = YES;
				CLANG_WARN_NON_LITERAL_NULL_CONVERSION = YES;
				CLANG_WARN_OBJC_IMPLICIT_RETAIN_SELF = YES;
				CLANG_WARN_OBJC_LITERAL_CONVERSION = YES;
				CLANG_WARN_OBJC_ROOT_CLASS = YES_ERROR;
				CLANG_WARN_QUOTED_INCLUDE_IN_FRAMEWORK_HEADER = YES;
				CLANG_WARN_RANGE_LOOP_ANALYSIS = YES;
				CLANG_WARN_STRICT_PROTOTYPES = YES;
				CLANG_WARN_SUSPICIOUS_MOVE = YES;
				CLANG_WARN_UNGUARDED_AVAILABILITY = YES_AGGRESSIVE;
				CLANG_WARN_UNREACHABLE_CODE = YES;
				CLANG_WARN__DUPLICATE_METHOD_MATCH = YES;
				COPY_PHASE_STRIP = NO;
				DEBUG_INFORMATION_FORMAT = dwarf;
				ENABLE_STRICT_OBJC_MSGSEND = YES;
				ENABLE_TESTABILITY = YES;
				GCC_C_LANGUAGE_STANDARD = gnu11;
				GCC_DYNAMIC_NO_PIC = NO;
				GCC_NO_COMMON_BLOCKS = YES;
				GCC_OPTIMIZATION_LEVEL = 0;
				GCC_PREPROCESSOR_DEFINITIONS = (
					"DEBUG=1",
					"$(inherited)",
				);
				GCC_WARN_64_TO_32_BIT_CONVERSION = YES;
				GCC_WARN_ABOUT_RETURN_TYPE = YES_ERROR;
				GCC_WARN_UNDECLARED_SELECTOR = YES;
				GCC_WARN_UNINITIALIZED_AUTOS = YES_AGGRESSIVE;
				GCC_WARN_UNUSED_FUNCTION = YES;
				GCC_WARN_UNUSED_VARIABLE = YES;
				IPHONEOS_DEPLOYMENT_TARGET = 14.0;
				MTL_ENABLE_DEBUG_INFO = INCLUDE_SOURCE;
				MTL_FAST_MATH = YES;
				ONLY_ACTIVE_ARCH = YES;
				SDKROOT = iphoneos;
				SWIFT_ACTIVE_COMPILATION_CONDITIONS = DEBUG;
				SWIFT_OPTIMIZATION_LEVEL = "-Onone";
			};
			name = Debug;
		};
		C240BC8E251D2093003183EF /* Release */ = {
			isa = XCBuildConfiguration;
			buildSettings = {
				ALWAYS_SEARCH_USER_PATHS = NO;
				CLANG_ANALYZER_NONNULL = YES;
				CLANG_ANALYZER_NUMBER_OBJECT_CONVERSION = YES_AGGRESSIVE;
				CLANG_CXX_LANGUAGE_STANDARD = "gnu++14";
				CLANG_CXX_LIBRARY = "libc++";
				CLANG_ENABLE_MODULES = YES;
				CLANG_ENABLE_OBJC_ARC = YES;
				CLANG_ENABLE_OBJC_WEAK = YES;
				CLANG_WARN_BLOCK_CAPTURE_AUTORELEASING = YES;
				CLANG_WARN_BOOL_CONVERSION = YES;
				CLANG_WARN_COMMA = YES;
				CLANG_WARN_CONSTANT_CONVERSION = YES;
				CLANG_WARN_DEPRECATED_OBJC_IMPLEMENTATIONS = YES;
				CLANG_WARN_DIRECT_OBJC_ISA_USAGE = YES_ERROR;
				CLANG_WARN_DOCUMENTATION_COMMENTS = YES;
				CLANG_WARN_EMPTY_BODY = YES;
				CLANG_WARN_ENUM_CONVERSION = YES;
				CLANG_WARN_INFINITE_RECURSION = YES;
				CLANG_WARN_INT_CONVERSION = YES;
				CLANG_WARN_NON_LITERAL_NULL_CONVERSION = YES;
				CLANG_WARN_OBJC_IMPLICIT_RETAIN_SELF = YES;
				CLANG_WARN_OBJC_LITERAL_CONVERSION = YES;
				CLANG_WARN_OBJC_ROOT_CLASS = YES_ERROR;
				CLANG_WARN_QUOTED_INCLUDE_IN_FRAMEWORK_HEADER = YES;
				CLANG_WARN_RANGE_LOOP_ANALYSIS = YES;
				CLANG_WARN_STRICT_PROTOTYPES = YES;
				CLANG_WARN_SUSPICIOUS_MOVE = YES;
				CLANG_WARN_UNGUARDED_AVAILABILITY = YES_AGGRESSIVE;
				CLANG_WARN_UNREACHABLE_CODE = YES;
				CLANG_WARN__DUPLICATE_METHOD_MATCH = YES;
				COPY_PHASE_STRIP = NO;
				DEBUG_INFORMATION_FORMAT = "dwarf-with-dsym";
				ENABLE_NS_ASSERTIONS = NO;
				ENABLE_STRICT_OBJC_MSGSEND = YES;
				GCC_C_LANGUAGE_STANDARD = gnu11;
				GCC_NO_COMMON_BLOCKS = YES;
				GCC_WARN_64_TO_32_BIT_CONVERSION = YES;
				GCC_WARN_ABOUT_RETURN_TYPE = YES_ERROR;
				GCC_WARN_UNDECLARED_SELECTOR = YES;
				GCC_WARN_UNINITIALIZED_AUTOS = YES_AGGRESSIVE;
				GCC_WARN_UNUSED_FUNCTION = YES;
				GCC_WARN_UNUSED_VARIABLE = YES;
				IPHONEOS_DEPLOYMENT_TARGET = 14.0;
				MTL_ENABLE_DEBUG_INFO = NO;
				MTL_FAST_MATH = YES;
				SDKROOT = iphoneos;
				SWIFT_COMPILATION_MODE = wholemodule;
				SWIFT_OPTIMIZATION_LEVEL = "-O";
				VALIDATE_PRODUCT = YES;
			};
			name = Release;
		};
		C240BC90251D2093003183EF /* Debug */ = {
			isa = XCBuildConfiguration;
			baseConfigurationReference = 5081FCBB31740188E5A103B1 /* Pods-flixster.debug.xcconfig */;
			buildSettings = {
				ASSETCATALOG_COMPILER_APPICON_NAME = AppIcon;
				ASSETCATALOG_COMPILER_GLOBAL_ACCENT_COLOR_NAME = AccentColor;
				CODE_SIGN_STYLE = Automatic;
				INFOPLIST_FILE = flixster/Info.plist;
				LD_RUNPATH_SEARCH_PATHS = (
					"$(inherited)",
					"@executable_path/Frameworks",
				);
				PRODUCT_BUNDLE_IDENTIFIER = com.codepath.flixster;
				PRODUCT_NAME = "$(TARGET_NAME)";
				SWIFT_VERSION = 5.0;
				TARGETED_DEVICE_FAMILY = "1,2";
			};
			name = Debug;
		};
		C240BC91251D2093003183EF /* Release */ = {
			isa = XCBuildConfiguration;
			baseConfigurationReference = 2BE8C6E35ECFFD59A6F134CF /* Pods-flixster.release.xcconfig */;
			buildSettings = {
				ASSETCATALOG_COMPILER_APPICON_NAME = AppIcon;
				ASSETCATALOG_COMPILER_GLOBAL_ACCENT_COLOR_NAME = AccentColor;
				CODE_SIGN_STYLE = Automatic;
				INFOPLIST_FILE = flixster/Info.plist;
				LD_RUNPATH_SEARCH_PATHS = (
					"$(inherited)",
					"@executable_path/Frameworks",
				);
				PRODUCT_BUNDLE_IDENTIFIER = com.codepath.flixster;
				PRODUCT_NAME = "$(TARGET_NAME)";
				SWIFT_VERSION = 5.0;
				TARGETED_DEVICE_FAMILY = "1,2";
			};
			name = Release;
		};
		C240BC93251D2093003183EF /* Debug */ = {
			isa = XCBuildConfiguration;
			baseConfigurationReference = 58598C9C7CB9A1F2F6EE693A /* Pods-flixsterTests.debug.xcconfig */;
			buildSettings = {
				ALWAYS_EMBED_SWIFT_STANDARD_LIBRARIES = YES;
				BUNDLE_LOADER = "$(TEST_HOST)";
				CODE_SIGN_STYLE = Automatic;
				INFOPLIST_FILE = flixsterTests/Info.plist;
				IPHONEOS_DEPLOYMENT_TARGET = 14.0;
				LD_RUNPATH_SEARCH_PATHS = (
					"$(inherited)",
					"@executable_path/Frameworks",
					"@loader_path/Frameworks",
				);
				PRODUCT_BUNDLE_IDENTIFIER = com.codepath.flixsterTests;
				PRODUCT_NAME = "$(TARGET_NAME)";
				SWIFT_VERSION = 5.0;
				TARGETED_DEVICE_FAMILY = "1,2";
				TEST_HOST = "$(BUILT_PRODUCTS_DIR)/flixster.app/flixster";
			};
			name = Debug;
		};
		C240BC94251D2093003183EF /* Release */ = {
			isa = XCBuildConfiguration;
			baseConfigurationReference = A382375FF57618827F07EB49 /* Pods-flixsterTests.release.xcconfig */;
			buildSettings = {
				ALWAYS_EMBED_SWIFT_STANDARD_LIBRARIES = YES;
				BUNDLE_LOADER = "$(TEST_HOST)";
				CODE_SIGN_STYLE = Automatic;
				INFOPLIST_FILE = flixsterTests/Info.plist;
				IPHONEOS_DEPLOYMENT_TARGET = 14.0;
				LD_RUNPATH_SEARCH_PATHS = (
					"$(inherited)",
					"@executable_path/Frameworks",
					"@loader_path/Frameworks",
				);
				PRODUCT_BUNDLE_IDENTIFIER = com.codepath.flixsterTests;
				PRODUCT_NAME = "$(TARGET_NAME)";
				SWIFT_VERSION = 5.0;
				TARGETED_DEVICE_FAMILY = "1,2";
				TEST_HOST = "$(BUILT_PRODUCTS_DIR)/flixster.app/flixster";
			};
			name = Release;
		};
		C240BC96251D2093003183EF /* Debug */ = {
			isa = XCBuildConfiguration;
			baseConfigurationReference = CD43443E082FC779FADA367E /* Pods-flixster-flixsterUITests.debug.xcconfig */;
			buildSettings = {
				ALWAYS_EMBED_SWIFT_STANDARD_LIBRARIES = YES;
				CODE_SIGN_STYLE = Automatic;
				INFOPLIST_FILE = flixsterUITests/Info.plist;
				LD_RUNPATH_SEARCH_PATHS = (
					"$(inherited)",
					"@executable_path/Frameworks",
					"@loader_path/Frameworks",
				);
				PRODUCT_BUNDLE_IDENTIFIER = com.codepath.flixsterUITests;
				PRODUCT_NAME = "$(TARGET_NAME)";
				SWIFT_VERSION = 5.0;
				TARGETED_DEVICE_FAMILY = "1,2";
				TEST_TARGET_NAME = flixster;
			};
			name = Debug;
		};
		C240BC97251D2093003183EF /* Release */ = {
			isa = XCBuildConfiguration;
			baseConfigurationReference = 9CA4D4AD9ACF313FF8046DEB /* Pods-flixster-flixsterUITests.release.xcconfig */;
			buildSettings = {
				ALWAYS_EMBED_SWIFT_STANDARD_LIBRARIES = YES;
				CODE_SIGN_STYLE = Automatic;
				INFOPLIST_FILE = flixsterUITests/Info.plist;
				LD_RUNPATH_SEARCH_PATHS = (
					"$(inherited)",
					"@executable_path/Frameworks",
					"@loader_path/Frameworks",
				);
				PRODUCT_BUNDLE_IDENTIFIER = com.codepath.flixsterUITests;
				PRODUCT_NAME = "$(TARGET_NAME)";
				SWIFT_VERSION = 5.0;
				TARGETED_DEVICE_FAMILY = "1,2";
				TEST_TARGET_NAME = flixster;
			};
			name = Release;
		};
/* End XCBuildConfiguration section */

/* Begin XCConfigurationList section */
		C240BC60251D2091003183EF /* Build configuration list for PBXProject "flixster" */ = {
			isa = XCConfigurationList;
			buildConfigurations = (
				C240BC8D251D2093003183EF /* Debug */,
				C240BC8E251D2093003183EF /* Release */,
			);
			defaultConfigurationIsVisible = 0;
			defaultConfigurationName = Release;
		};
		C240BC8F251D2093003183EF /* Build configuration list for PBXNativeTarget "flixster" */ = {
			isa = XCConfigurationList;
			buildConfigurations = (
				C240BC90251D2093003183EF /* Debug */,
				C240BC91251D2093003183EF /* Release */,
			);
			defaultConfigurationIsVisible = 0;
			defaultConfigurationName = Release;
		};
		C240BC92251D2093003183EF /* Build configuration list for PBXNativeTarget "flixsterTests" */ = {
			isa = XCConfigurationList;
			buildConfigurations = (
				C240BC93251D2093003183EF /* Debug */,
				C240BC94251D2093003183EF /* Release */,
			);
			defaultConfigurationIsVisible = 0;
			defaultConfigurationName = Release;
		};
		C240BC95251D2093003183EF /* Build configuration list for PBXNativeTarget "flixsterUITests" */ = {
			isa = XCConfigurationList;
			buildConfigurations = (
				C240BC96251D2093003183EF /* Debug */,
				C240BC97251D2093003183EF /* Release */,
			);
			defaultConfigurationIsVisible = 0;
			defaultConfigurationName = Release;
		};
/* End XCConfigurationList section */
	};
	rootObject = C240BC5D251D2091003183EF /* Project object */;
}
